
Microsoft Visual Studio Solution File, Format Version 12.00
# Visual Studio Version 16
VisualStudioVersion = 16.0.30523.141
MinimumVisualStudioVersion = 10.0.40219.1
Project("{FAE04EC0-301F-11D3-BF4B-00C04F79EFBC}") = "KGS_Task_2", "KGS_Task_2.csproj", "{80D9589A-C5F9-432D-997D-FA4E04CC768B}"
EndProject
Global
	GlobalSection(SolutionConfigurationPlatforms) = preSolution
		Debug|Any CPU = Debug|Any CPU
		Release|Any CPU = Release|Any CPU
	EndGlobalSection
	GlobalSection(ProjectConfigurationPlatforms) = postSolution
		{80D9589A-C5F9-432D-997D-FA4E04CC768B}.Debug|Any CPU.ActiveCfg = Debug|Any CPU
		{80D9589A-C5F9-432D-997D-FA4E04CC768B}.Debug|Any CPU.Build.0 = Debug|Any CPU
		{80D9589A-C5F9-432D-997D-FA4E04CC768B}.Release|Any CPU.ActiveCfg = Release|Any CPU
		{80D9589A-C5F9-432D-997D-FA4E04CC768B}.Release|Any CPU.Build.0 = Release|Any CPU
	EndGlobalSection
	GlobalSection(SolutionProperties) = preSolution
		HideSolutionNode = FALSE
	EndGlobalSection
	GlobalSection(ExtensibilityGlobals) = postSolution
		SolutionGuid = {2A59E1DF-8EA4-4E43-8FB1-73E6AB448BD3}
	EndGlobalSection
EndGlobal
