
Microsoft Visual Studio Solution File, Format Version 12.00
# Visual Studio Version 16
VisualStudioVersion = 16.0.30523.141
MinimumVisualStudioVersion = 10.0.40219.1
Project("{9A19103F-16F7-4668-BE54-9A1E7A4F7556}") = "KGS_Task_02", "KGS_Task_02\KGS_Task_02.csproj", "{909F4566-2E31-49D0-9212-5B327B589CF0}"
EndProject
Project("{9A19103F-16F7-4668-BE54-9A1E7A4F7556}") = "KGS_Task_01", "KGS_Task_01\KGS_Task_01.csproj", "{DFC14A06-AF5E-4AC0-BA91-AE5448EF8EB5}"
EndProject
Project("{9A19103F-16F7-4668-BE54-9A1E7A4F7556}") = "KGS_Task_03", "KGS_Task_03\KGS_Task_03.csproj", "{6A518916-3B26-4CD4-86DB-471A87991DD7}"
EndProject
Project("{9A19103F-16F7-4668-BE54-9A1E7A4F7556}") = "KGS_Task_04", "KGS_Task_04\KGS_Task_04.csproj", "{418686AE-0CCF-45FF-BBD6-8BB795734E76}"
EndProject
Project("{FAE04EC0-301F-11D3-BF4B-00C04F79EFBC}") = "KGS_Task_06", "KGS_Task_06\KGS_Task_06.csproj", "{39FD45A3-0718-4A3C-A126-5484B86947EC}"
EndProject
Global
	GlobalSection(SolutionConfigurationPlatforms) = preSolution
		Debug|Any CPU = Debug|Any CPU
		Release|Any CPU = Release|Any CPU
	EndGlobalSection
	GlobalSection(ProjectConfigurationPlatforms) = postSolution
		{909F4566-2E31-49D0-9212-5B327B589CF0}.Debug|Any CPU.ActiveCfg = Debug|Any CPU
		{909F4566-2E31-49D0-9212-5B327B589CF0}.Debug|Any CPU.Build.0 = Debug|Any CPU
		{909F4566-2E31-49D0-9212-5B327B589CF0}.Release|Any CPU.ActiveCfg = Release|Any CPU
		{909F4566-2E31-49D0-9212-5B327B589CF0}.Release|Any CPU.Build.0 = Release|Any CPU
		{DFC14A06-AF5E-4AC0-BA91-AE5448EF8EB5}.Debug|Any CPU.ActiveCfg = Debug|Any CPU
		{DFC14A06-AF5E-4AC0-BA91-AE5448EF8EB5}.Debug|Any CPU.Build.0 = Debug|Any CPU
		{DFC14A06-AF5E-4AC0-BA91-AE5448EF8EB5}.Release|Any CPU.ActiveCfg = Release|Any CPU
		{DFC14A06-AF5E-4AC0-BA91-AE5448EF8EB5}.Release|Any CPU.Build.0 = Release|Any CPU
		{6A518916-3B26-4CD4-86DB-471A87991DD7}.Debug|Any CPU.ActiveCfg = Debug|Any CPU
		{6A518916-3B26-4CD4-86DB-471A87991DD7}.Debug|Any CPU.Build.0 = Debug|Any CPU
		{6A518916-3B26-4CD4-86DB-471A87991DD7}.Release|Any CPU.ActiveCfg = Release|Any CPU
		{6A518916-3B26-4CD4-86DB-471A87991DD7}.Release|Any CPU.Build.0 = Release|Any CPU
		{418686AE-0CCF-45FF-BBD6-8BB795734E76}.Debug|Any CPU.ActiveCfg = Debug|Any CPU
		{418686AE-0CCF-45FF-BBD6-8BB795734E76}.Debug|Any CPU.Build.0 = Debug|Any CPU
		{418686AE-0CCF-45FF-BBD6-8BB795734E76}.Release|Any CPU.ActiveCfg = Release|Any CPU
		{418686AE-0CCF-45FF-BBD6-8BB795734E76}.Release|Any CPU.Build.0 = Release|Any CPU
		{39FD45A3-0718-4A3C-A126-5484B86947EC}.Debug|Any CPU.ActiveCfg = Debug|Any CPU
		{39FD45A3-0718-4A3C-A126-5484B86947EC}.Debug|Any CPU.Build.0 = Debug|Any CPU
		{39FD45A3-0718-4A3C-A126-5484B86947EC}.Release|Any CPU.ActiveCfg = Release|Any CPU
		{39FD45A3-0718-4A3C-A126-5484B86947EC}.Release|Any CPU.Build.0 = Release|Any CPU
	EndGlobalSection
	GlobalSection(SolutionProperties) = preSolution
		HideSolutionNode = FALSE
	EndGlobalSection
	GlobalSection(ExtensibilityGlobals) = postSolution
		SolutionGuid = {482EDBDF-487D-4F2B-AC0D-BCC04E60B74C}
	EndGlobalSection
EndGlobal
